{
  "name": "js-model",
  "version": "1.6.2",
  "lockfileVersion": 1,
  "requires": true,
  "dependencies": {
    "manba": {
      "version": "1.2.8",
      "resolved": "https://registry.npmjs.org/manba/-/manba-1.2.8.tgz",
      "integrity": "sha512-+xCchh7TI1M7mVQFR+dMaFXWJnut/vlVbnE/K0CzQH40nN5/KIdRgc+WSvotbbszATXBI6jxvDXDXh5WHLPSGA=="
    }
  }
}
