{
  "name": "js-model",
  "version": "1.5.1",
  "lockfileVersion": 1,
  "requires": true,
  "dependencies": {
    "manba": {
      "version": "1.2.6",
      "resolved": "https://registry.npmjs.org/manba/-/manba-1.2.6.tgz",
      "integrity": "sha512-6zeOyeNyo3e7qcOwoPhzdzp6gvit5G+JsrfIIkb937/w579qA6mYOcibi0mMd26IDBplff1zJ285x47awBq1Dw=="
    }
  }
}
